
Microsoft Visual Studio Solution File, Format Version 12.00
# Visual Studio Version 16
VisualStudioVersion = 16.0.809.7
MinimumVisualStudioVersion = 10.0.40219.1
Project("{FAE04EC0-301F-11D3-BF4B-00C04F79EFBC}") = "OscarEcho", "OscarEcho\OscarEcho.csproj", "{7EFA7B11-9EDA-4A9C-8A86-C2083BCD3ADF}"
EndProject
Global
	GlobalSection(SolutionConfigurationPlatforms) = preSolution
		Debug|Any CPU = Debug|Any CPU
		Release|Any CPU = Release|Any CPU
	EndGlobalSection
	GlobalSection(ProjectConfigurationPlatforms) = postSolution
		{7EFA7B11-9EDA-4A9C-8A86-C2083BCD3ADF}.Debug|Any CPU.ActiveCfg = Debug|Any CPU
		{7EFA7B11-9EDA-4A9C-8A86-C2083BCD3ADF}.Debug|Any CPU.Build.0 = Debug|Any CPU
		{7EFA7B11-9EDA-4A9C-8A86-C2083BCD3ADF}.Release|Any CPU.ActiveCfg = Release|Any CPU
		{7EFA7B11-9EDA-4A9C-8A86-C2083BCD3ADF}.Release|Any CPU.Build.0 = Release|Any CPU
	EndGlobalSection
	GlobalSection(SolutionProperties) = preSolution
		HideSolutionNode = FALSE
	EndGlobalSection
	GlobalSection(ExtensibilityGlobals) = postSolution
		SolutionGuid = {A5776DBE-3B96-4FD2-9DDE-D7419C70D96E}
	EndGlobalSection
EndGlobal
